
Microsoft Visual Studio Solution File, Format Version 12.00
# Visual Studio Version 17
VisualStudioVersion = 17.9.34723.18
MinimumVisualStudioVersion = 10.0.40219.1
Project("{FAE04EC0-301F-11D3-BF4B-00C04F79EFBC}") = "KidsFashion", "KidsFashion\KidsFashion.csproj", "{8F171560-66B0-40A6-AD75-DB2417F427CC}"
EndProject
Project("{FAE04EC0-301F-11D3-BF4B-00C04F79EFBC}") = "KidsFashion.Dominio", "KidsFashion.Dominio\KidsFashion.Dominio.csproj", "{1B9B60A2-3B2A-4F24-88B5-EE6EDF223CE0}"
EndProject
Project("{FAE04EC0-301F-11D3-BF4B-00C04F79EFBC}") = "KidsFashion.Negocio", "KidsFashion.Negocio\KidsFashion.Negocio.csproj", "{46E9F5ED-7038-4129-BB0C-43C7C71CD5EF}"
EndProject
Project("{FAE04EC0-301F-11D3-BF4B-00C04F79EFBC}") = "KidsFashion.Persistencia", "KidsFashion.Persistencia\KidsFashion.Persistencia.csproj", "{70AE6093-F992-4B06-9D98-6445844EC0BC}"
EndProject
Project("{FAE04EC0-301F-11D3-BF4B-00C04F79EFBC}") = "KidsFashion.Servicos", "KidsFashion.Servicos\KidsFashion.Servicos.csproj", "{E4009D08-13B8-462E-AE28-AD16A56B9095}"
EndProject
Global
	GlobalSection(SolutionConfigurationPlatforms) = preSolution
		Debug|Any CPU = Debug|Any CPU
		Release|Any CPU = Release|Any CPU
	EndGlobalSection
	GlobalSection(ProjectConfigurationPlatforms) = postSolution
		{8F171560-66B0-40A6-AD75-DB2417F427CC}.Debug|Any CPU.ActiveCfg = Debug|Any CPU
		{8F171560-66B0-40A6-AD75-DB2417F427CC}.Debug|Any CPU.Build.0 = Debug|Any CPU
		{8F171560-66B0-40A6-AD75-DB2417F427CC}.Release|Any CPU.ActiveCfg = Release|Any CPU
		{8F171560-66B0-40A6-AD75-DB2417F427CC}.Release|Any CPU.Build.0 = Release|Any CPU
		{1B9B60A2-3B2A-4F24-88B5-EE6EDF223CE0}.Debug|Any CPU.ActiveCfg = Debug|Any CPU
		{1B9B60A2-3B2A-4F24-88B5-EE6EDF223CE0}.Debug|Any CPU.Build.0 = Debug|Any CPU
		{1B9B60A2-3B2A-4F24-88B5-EE6EDF223CE0}.Release|Any CPU.ActiveCfg = Release|Any CPU
		{1B9B60A2-3B2A-4F24-88B5-EE6EDF223CE0}.Release|Any CPU.Build.0 = Release|Any CPU
		{46E9F5ED-7038-4129-BB0C-43C7C71CD5EF}.Debug|Any CPU.ActiveCfg = Debug|Any CPU
		{46E9F5ED-7038-4129-BB0C-43C7C71CD5EF}.Debug|Any CPU.Build.0 = Debug|Any CPU
		{46E9F5ED-7038-4129-BB0C-43C7C71CD5EF}.Release|Any CPU.ActiveCfg = Release|Any CPU
		{46E9F5ED-7038-4129-BB0C-43C7C71CD5EF}.Release|Any CPU.Build.0 = Release|Any CPU
		{70AE6093-F992-4B06-9D98-6445844EC0BC}.Debug|Any CPU.ActiveCfg = Debug|Any CPU
		{70AE6093-F992-4B06-9D98-6445844EC0BC}.Debug|Any CPU.Build.0 = Debug|Any CPU
		{70AE6093-F992-4B06-9D98-6445844EC0BC}.Release|Any CPU.ActiveCfg = Release|Any CPU
		{70AE6093-F992-4B06-9D98-6445844EC0BC}.Release|Any CPU.Build.0 = Release|Any CPU
		{E4009D08-13B8-462E-AE28-AD16A56B9095}.Debug|Any CPU.ActiveCfg = Debug|Any CPU
		{E4009D08-13B8-462E-AE28-AD16A56B9095}.Debug|Any CPU.Build.0 = Debug|Any CPU
		{E4009D08-13B8-462E-AE28-AD16A56B9095}.Release|Any CPU.ActiveCfg = Release|Any CPU
		{E4009D08-13B8-462E-AE28-AD16A56B9095}.Release|Any CPU.Build.0 = Release|Any CPU
	EndGlobalSection
	GlobalSection(SolutionProperties) = preSolution
		HideSolutionNode = FALSE
	EndGlobalSection
	GlobalSection(ExtensibilityGlobals) = postSolution
		SolutionGuid = {BCB1469D-7D4C-4AB3-A2A5-2499E4E9AEED}
	EndGlobalSection
EndGlobal
